
Microsoft Visual Studio Solution File, Format Version 12.00
# Visual Studio Version 17
VisualStudioVersion = 17.4.33213.308
MinimumVisualStudioVersion = 10.0.40219.1
Project("{8BC9CEB8-8B4A-11D0-8D11-00A0C91BC942}") = "OnlineJudege", "OnlineJudege\OnlineJudege.vcxproj", "{4AD9325F-3BF3-47AF-A6D1-76F2379691C6}"
EndProject
Global
	GlobalSection(SolutionConfigurationPlatforms) = preSolution
		Debug|x64 = Debug|x64
		Debug|x86 = Debug|x86
		Release|x64 = Release|x64
		Release|x86 = Release|x86
	EndGlobalSection
	GlobalSection(ProjectConfigurationPlatforms) = postSolution
		{4AD9325F-3BF3-47AF-A6D1-76F2379691C6}.Debug|x64.ActiveCfg = Debug|x64
		{4AD9325F-3BF3-47AF-A6D1-76F2379691C6}.Debug|x64.Build.0 = Debug|x64
		{4AD9325F-3BF3-47AF-A6D1-76F2379691C6}.Debug|x86.ActiveCfg = Debug|Win32
		{4AD9325F-3BF3-47AF-A6D1-76F2379691C6}.Debug|x86.Build.0 = Debug|Win32
		{4AD9325F-3BF3-47AF-A6D1-76F2379691C6}.Release|x64.ActiveCfg = Release|x64
		{4AD9325F-3BF3-47AF-A6D1-76F2379691C6}.Release|x64.Build.0 = Release|x64
		{4AD9325F-3BF3-47AF-A6D1-76F2379691C6}.Release|x86.ActiveCfg = Release|Win32
		{4AD9325F-3BF3-47AF-A6D1-76F2379691C6}.Release|x86.Build.0 = Release|Win32
	EndGlobalSection
	GlobalSection(SolutionProperties) = preSolution
		HideSolutionNode = FALSE
	EndGlobalSection
	GlobalSection(ExtensibilityGlobals) = postSolution
		SolutionGuid = {DA764189-B73D-4B18-B979-2FDFCDD66BF3}
	EndGlobalSection
EndGlobal
